# MAPNAI — requirements.lock  (constraints file: exact version of every package, incl. dependencies)
#
# Generated from requirements.txt (spaCy pinned to 3.8.14) for Python 3.11, with PyTorch
# from the CPU index. Used by the Dockerfile so every build installs identical versions:
#     pip install -r requirements.txt -c requirements.lock --extra-index-url https://download.pytorch.org/whl/cpu
# The same command works outside Docker (Python 3.11). Platform-only packages listed here
# (e.g. colorama, win32-setctime on Windows) are simply skipped where they aren't needed.
#
# Regenerate after changing requirements.txt:
#     python -m pip install --dry-run --ignore-installed --report lock.json \
#         --extra-index-url https://download.pytorch.org/whl/cpu -r requirements.txt
#   then write "name==version" for every entry of lock.json["install"].
aiohttp==3.9.5
aiosignal==1.4.0
annotated-doc==0.0.5
annotated-types==0.8.0
anyio==4.15.1
apscheduler==3.10.4
asyncio-throttle==1.0.2
attrs==26.1.0
automat==25.4.16
beautifulsoup4==4.12.3
blis==1.3.3
catalogue==2.0.10
cbor2==6.1.4
certifi==2026.7.22
cffi==2.1.1
chardet==5.2.0
charset-normalizer==3.5.1
click==8.5.0
cloudpathlib==0.25.0
cloudpickle==3.1.2
colorama==0.4.6
confection==1.3.3
constantly==23.10.4
cryptography==50.0.1
cssselect==1.5.0
cymem==2.0.13
datasketch==1.6.4
distro==1.9.0
dnspython==2.6.1
faiss-cpu==1.8.0
feedparser==6.0.11
filelock==4.0.5
frozenlist==1.8.0
fsspec==2026.9.0
ftfy==6.2.0
groq==0.37.1
h11==0.16.0
html2text==2024.2.26
httpcore==1.0.9
httpx==0.27.0
huggingface_hub==0.36.2
hyperlink==21.0.0
idna==3.20
incremental==24.11.0
iniconfig==2.3.0
intel-openmp==2021.4.0
itemadapter==0.13.1
itemloaders==1.4.0
jinja2==3.1.6
jiter==0.17.0
jmespath==1.1.0
joblib==1.6.0
langdetect==1.0.9
loguru==0.7.2
lxml==5.2.2
markdown-it-py==4.2.0
markupsafe==3.0.3
mdurl==0.1.2
mkl==2021.4.0
mongomock==4.3.0
motor==3.4.0
mpmath==1.3.0
multidict==6.9.1
murmurhash==1.0.15
neo4j==5.20.0
networkx==3.6.1
nltk==3.8.1
numpy==1.26.4
openai==2.37.0
packaging==26.3
pandas==2.2.3
parsel==1.12.1
pillow==12.3.0
pluggy==1.6.0
praw==7.7.1
prawcore==2.4.0
preshed==3.0.13
propcache==0.5.4
protego==0.7.0
psycopg2-binary==2.9.9
pycparser==3.0
pydantic==2.7.1
pydantic-settings==2.3.1
pydantic_core==2.18.2
pydispatcher==2.0.7
pygments==2.21.0
pymongo==4.7.2
pyopenssl==26.4.0
pytest==9.1.1
python-dateutil==2.9.0
python-dotenv==1.0.1
pytz==2024.1
pyyaml==6.0.3
queuelib==1.10.0
regex==2026.9.10
requests==2.31.0
requests-file==3.0.1
rich==13.7.1
safetensors==0.7.0
schedule==1.2.2
scikit-learn==1.7.2
scipy==1.17.1
scrapy==2.11.1
sentence-transformers==3.0.1
sentinels==1.1.1
service-identity==26.1.0
setuptools==84.0.0
sgmllib3k==1.0.0
shellingham==1.5.4
simhash==2.1.2
six==1.17.0
smart_open==8.0.1
sniffio==1.3.1
soupsieve==2.10
spacy==3.8.14
spacy-legacy==3.0.12
spacy-loggers==1.0.5
srsly==2.5.4
sympy==1.14.0
tbb==2021.13.1
tenacity==8.3.0
termcolor==3.3.0
thinc==8.3.13
threadpoolctl==3.7.0
tldextract==5.3.2
tokenizers==0.22.2
torch==2.3.0+cpu
tqdm==4.70.1
transformers==4.57.6
twisted==26.4.0
typer==0.24.2
typing_extensions==4.16.0
tzdata==2026.4
tzlocal==5.4.4
update_checker==1.0.0
urllib3==2.8.0
uuid6==2024.1.12
w3lib==2.4.1
wasabi==1.1.3
wcwidth==0.2.14
weasel==1.0.0
websocket-client==1.9.2
win32_setctime==1.2.0
wrapt==2.5.0
yarl==1.25.1
zope.interface==8.6
